
Microsoft Visual Studio Solution File, Format Version 12.00
# Visual Studio 15
VisualStudioVersion = 15.0.28010.2046
MinimumVisualStudioVersion = 10.0.40219.1
Project("{FAE04EC0-301F-11D3-BF4B-00C04F79EFBC}") = "BitInserter", "BitInserter\BitInserter.csproj", "{703C6B2D-EE59-43DB-87B0-11377489D5EC}"
EndProject
Project("{FAE04EC0-301F-11D3-BF4B-00C04F79EFBC}") = "BitInserter.Tests", "BitInserter.Tests\BitInserter.Tests.csproj", "{8CA1BDA1-D30F-4F39-900F-72B2AB9A196C}"
EndProject
Global
	GlobalSection(SolutionConfigurationPlatforms) = preSolution
		Debug|Any CPU = Debug|Any CPU
		Release|Any CPU = Release|Any CPU
	EndGlobalSection
	GlobalSection(ProjectConfigurationPlatforms) = postSolution
		{703C6B2D-EE59-43DB-87B0-11377489D5EC}.Debug|Any CPU.ActiveCfg = Debug|Any CPU
		{703C6B2D-EE59-43DB-87B0-11377489D5EC}.Debug|Any CPU.Build.0 = Debug|Any CPU
		{703C6B2D-EE59-43DB-87B0-11377489D5EC}.Release|Any CPU.ActiveCfg = Release|Any CPU
		{703C6B2D-EE59-43DB-87B0-11377489D5EC}.Release|Any CPU.Build.0 = Release|Any CPU
		{8CA1BDA1-D30F-4F39-900F-72B2AB9A196C}.Debug|Any CPU.ActiveCfg = Debug|Any CPU
		{8CA1BDA1-D30F-4F39-900F-72B2AB9A196C}.Debug|Any CPU.Build.0 = Debug|Any CPU
		{8CA1BDA1-D30F-4F39-900F-72B2AB9A196C}.Release|Any CPU.ActiveCfg = Release|Any CPU
		{8CA1BDA1-D30F-4F39-900F-72B2AB9A196C}.Release|Any CPU.Build.0 = Release|Any CPU
	EndGlobalSection
	GlobalSection(SolutionProperties) = preSolution
		HideSolutionNode = FALSE
	EndGlobalSection
	GlobalSection(ExtensibilityGlobals) = postSolution
		SolutionGuid = {265F08F9-C201-4EB9-B71B-5962ABD087F0}
	EndGlobalSection
EndGlobal
